{
  "object": {
    "pins": [
      {
        "package": "BrightFutures",
        "repositoryURL": "https://github.com/Truba/BrightFutures.git",
        "state": {
          "branch": "master",
          "revision": "445bd690ffde7abbf3e7ff6e8e6b899f8485a9a4",
          "version": null
        }
      },
      {
        "package": "Result",
        "repositoryURL": "https://github.com/antitypical/Result.git",
        "state": {
          "branch": null,
          "revision": "2ca499ba456795616fbc471561ff1d963e6ae160",
          "version": "4.1.0"
        }
      },
      {
        "package": "SwiftyJSON",
        "repositoryURL": "https://github.com/SwiftyJSON/SwiftyJSON.git",
        "state": {
          "branch": "master",
          "revision": "8bbb74eec7366de10f78a05fc9dff588337c117e",
          "version": null
        }
      }
    ]
  },
  "version": 1
}
